name: Semporia-TikTok-Unlock-sync
on:
  schedule:
    - cron: '56 */12 * * *'
  workflow_dispatch:
  watch:
    types: started
  repository_dispatch:
    types: sync-Semporia-TikTok-Unlock
jobs:
  repo-sync:
    env:
      PAT: ${{ secrets.PAT }} 
    runs-on: ubuntu-latest
    if: github.event.repository.owner.id == github.event.sender.id
    steps:
      - uses: actions/checkout@v2
        with:
          persist-credentials: false

      - name: sync Semporia-TikTok-Unlock-master
        uses: repo-sync/github-sync@v2
        if: env.PAT
        with:
          source_repo: "https://github.com/Semporia/TikTok-Unlock.git"
          source_branch: "master"
          destination_branch: "Semporia-TikTok-Unlock"
          github_token: ${{ secrets.PAT }}